
Microsoft Visual Studio Solution File, Format Version 12.00
# Visual Studio 15
VisualStudioVersion = 15.0.27703.2026
MinimumVisualStudioVersion = 10.0.40219.1
Project("{FAE04EC0-301F-11D3-BF4B-00C04F79EFBC}") = "LTI.CabsManagement", "LTI.CabsManagement\LTI.CabsManagement.csproj", "{04CFCE8F-41A1-4FB8-ABD7-D6FC27860434}"
EndProject
Project("{FAE04EC0-301F-11D3-BF4B-00C04F79EFBC}") = "CabReqInfo", "..\..\CabReqInfo\CabReqInfo\CabReqInfo\CabReqInfo.csproj", "{CD102098-4C11-4D05-A421-A4FFF5F14769}"
EndProject
Global
	GlobalSection(SolutionConfigurationPlatforms) = preSolution
		Debug|Any CPU = Debug|Any CPU
		Release|Any CPU = Release|Any CPU
	EndGlobalSection
	GlobalSection(ProjectConfigurationPlatforms) = postSolution
		{04CFCE8F-41A1-4FB8-ABD7-D6FC27860434}.Debug|Any CPU.ActiveCfg = Debug|Any CPU
		{04CFCE8F-41A1-4FB8-ABD7-D6FC27860434}.Debug|Any CPU.Build.0 = Debug|Any CPU
		{04CFCE8F-41A1-4FB8-ABD7-D6FC27860434}.Debug|Any CPU.Deploy.0 = Debug|Any CPU
		{04CFCE8F-41A1-4FB8-ABD7-D6FC27860434}.Release|Any CPU.ActiveCfg = Release|Any CPU
		{04CFCE8F-41A1-4FB8-ABD7-D6FC27860434}.Release|Any CPU.Build.0 = Release|Any CPU
		{04CFCE8F-41A1-4FB8-ABD7-D6FC27860434}.Release|Any CPU.Deploy.0 = Release|Any CPU
		{CD102098-4C11-4D05-A421-A4FFF5F14769}.Debug|Any CPU.ActiveCfg = Debug|Any CPU
		{CD102098-4C11-4D05-A421-A4FFF5F14769}.Debug|Any CPU.Build.0 = Debug|Any CPU
		{CD102098-4C11-4D05-A421-A4FFF5F14769}.Debug|Any CPU.Deploy.0 = Debug|Any CPU
		{CD102098-4C11-4D05-A421-A4FFF5F14769}.Release|Any CPU.ActiveCfg = Release|Any CPU
		{CD102098-4C11-4D05-A421-A4FFF5F14769}.Release|Any CPU.Build.0 = Release|Any CPU
		{CD102098-4C11-4D05-A421-A4FFF5F14769}.Release|Any CPU.Deploy.0 = Release|Any CPU
	EndGlobalSection
	GlobalSection(SolutionProperties) = preSolution
		HideSolutionNode = FALSE
	EndGlobalSection
	GlobalSection(ExtensibilityGlobals) = postSolution
		SolutionGuid = {E1C93106-1AA7-44B1-A1A2-009B875D5EBE}
	EndGlobalSection
EndGlobal
